
Microsoft Visual Studio Solution File, Format Version 12.00
# Visual Studio Version 17
VisualStudioVersion = 17.9.34607.119
MinimumVisualStudioVersion = 10.0.40219.1
Project("{FAE04EC0-301F-11D3-BF4B-00C04F79EFBC}") = "5.unite uygulama 1", "5.unite uygulama 1\5.unite uygulama 1.csproj", "{1C0FF94E-A3E4-4A9B-BBBD-4865F1A00FA0}"
EndProject
Global
	GlobalSection(SolutionConfigurationPlatforms) = preSolution
		Debug|Any CPU = Debug|Any CPU
		Release|Any CPU = Release|Any CPU
	EndGlobalSection
	GlobalSection(ProjectConfigurationPlatforms) = postSolution
		{1C0FF94E-A3E4-4A9B-BBBD-4865F1A00FA0}.Debug|Any CPU.ActiveCfg = Debug|Any CPU
		{1C0FF94E-A3E4-4A9B-BBBD-4865F1A00FA0}.Debug|Any CPU.Build.0 = Debug|Any CPU
		{1C0FF94E-A3E4-4A9B-BBBD-4865F1A00FA0}.Release|Any CPU.ActiveCfg = Release|Any CPU
		{1C0FF94E-A3E4-4A9B-BBBD-4865F1A00FA0}.Release|Any CPU.Build.0 = Release|Any CPU
	EndGlobalSection
	GlobalSection(SolutionProperties) = preSolution
		HideSolutionNode = FALSE
	EndGlobalSection
	GlobalSection(ExtensibilityGlobals) = postSolution
		SolutionGuid = {375DDF8B-A16D-4E87-B897-8343D51B327C}
	EndGlobalSection
EndGlobal
